
Microsoft Visual Studio Solution File, Format Version 11.00
# Visual Studio 2010
Project("{FAE04EC0-301F-11D3-BF4B-00C04F79EFBC}") = "APA_MVC3", "APA_MVC3\APA_MVC3.csproj", "{850826D0-88CF-4BE3-B3E5-B316D292185E}"
EndProject
Project("{FAE04EC0-301F-11D3-BF4B-00C04F79EFBC}") = "APA_MVC3.Tests", "APA_MVC3.Tests\APA_MVC3.Tests.csproj", "{21006E2A-A180-4200-8131-C5A200EA63E5}"
EndProject
Global
	GlobalSection(SolutionConfigurationPlatforms) = preSolution
		Debug|Any CPU = Debug|Any CPU
		Release|Any CPU = Release|Any CPU
	EndGlobalSection
	GlobalSection(ProjectConfigurationPlatforms) = postSolution
		{850826D0-88CF-4BE3-B3E5-B316D292185E}.Debug|Any CPU.ActiveCfg = Debug|Any CPU
		{850826D0-88CF-4BE3-B3E5-B316D292185E}.Debug|Any CPU.Build.0 = Debug|Any CPU
		{850826D0-88CF-4BE3-B3E5-B316D292185E}.Release|Any CPU.ActiveCfg = Release|Any CPU
		{850826D0-88CF-4BE3-B3E5-B316D292185E}.Release|Any CPU.Build.0 = Release|Any CPU
		{21006E2A-A180-4200-8131-C5A200EA63E5}.Debug|Any CPU.ActiveCfg = Debug|Any CPU
		{21006E2A-A180-4200-8131-C5A200EA63E5}.Debug|Any CPU.Build.0 = Debug|Any CPU
		{21006E2A-A180-4200-8131-C5A200EA63E5}.Release|Any CPU.ActiveCfg = Release|Any CPU
		{21006E2A-A180-4200-8131-C5A200EA63E5}.Release|Any CPU.Build.0 = Release|Any CPU
	EndGlobalSection
	GlobalSection(SolutionProperties) = preSolution
		HideSolutionNode = FALSE
	EndGlobalSection
EndGlobal
